{
  "name": "5-workshop-exercise",
  "version": "1.0.0",
  "lockfileVersion": 3,
  "requires": true,
  "packages": {
    "": {
      "name": "5-workshop-exercise",
      "version": "1.0.0",
      "license": "ISC",
      "dependencies": {
        "5-workshop-exercise": "file:"
      }
    },
    "node_modules/5-workshop-exercise": {
      "resolved": "",
      "link": true
    }
  }
}
